{
    "_meta": {
        "hash": {
            "sha256": "9922ce66bc0938c36ecb9d8f0241ee751f108f2e4197b26eec3989afb846ba0e"
        },
        "pipfile-spec": 6,
        "requires": {
            "python_version": "3.12"
        },
        "sources": [
            {
                "name": "pypi",
                "url": "https://pypi.org/simple",
                "verify_ssl": true
            }
        ]
    },
    "default": {
        "gitdb": {
            "hashes": [
                "sha256:5ef71f855d191a3326fcfbc0d5da835f26b13fbcba60c32c21091c349ffdb571",
                "sha256:67073e15955400952c6565cc3e707c554a4eea2e428946f7a4c162fab9bd9bcf"
            ],
            "markers": "python_version >= '3.7'",
            "version": "==4.0.12"
        },
        "gitpython": {
            "hashes": [
                "sha256:9e0e10cda9bed1ee64bc9a6de50e7e38a9c9943241cd7f585f6df3ed28011110",
                "sha256:c87e30b26253bf5418b01b0660f818967f3c503193838337fe5e573331249269"
            ],
            "index": "pypi",
            "markers": "python_version >= '3.7'",
            "version": "==3.1.44"
        },
        "landlock": {
            "hashes": [
                "sha256:6d72357f5dc23d64b3b3d976672b61af736281b8d34a5825c1a61b602f2df815",
                "sha256:e82d511992be24986c51e3c9d2bfcc956833c2f82f95004216262aa4e2d50a2e"
            ],
            "index": "pypi",
            "markers": "python_version >= '3.9'",
            "version": "==1.0.0.dev5"
        },
        "python-gnupg": {
            "hashes": [
                "sha256:40ce25cde9df29af91fe931ce9df3ce544e14a37f62b13ca878c897217b2de6c",
                "sha256:f2fdb5fb29615c77c2743e1cb3d9314353a6e87b10c37d238d91ae1c6feae086"
            ],
            "index": "pypi",
            "version": "==0.5.4"
        },
        "smmap": {
            "hashes": [
                "sha256:26ea65a03958fa0c8a1c7e8c7a58fdc77221b8910f6be2131affade476898ad5",
                "sha256:b30115f0def7d7531d22a0fb6502488d879e75b260a9db4d0819cfb25403af5e"
            ],
            "markers": "python_version >= '3.7'",
            "version": "==5.0.2"
        }
    },
    "develop": {}
}
